# THIS IS AN AUTOGENERATED FILE. DO NOT EDIT THIS FILE DIRECTLY.
# yarn lockfile v1


argp@1.0.x:
  version "1.0.4"
  resolved "https://registry.yarnpkg.com/argp/-/argp-1.0.4.tgz#b31c73075ad6d6ccb1d8c86acd69ff300305b194"
  integrity sha1-sxxzB1rW1syx2MhqzWn/MAMFsZQ=

progress-bar-formatter@^2.0.1:
  version "2.0.1"
  resolved "https://registry.yarnpkg.com/progress-bar-formatter/-/progress-bar-formatter-2.0.1.tgz#0d97ebb16467e2c2308373572176b7c3551e556e"
  integrity sha1-DZfrsWRn4sIwg3NXIXa3w1UeVW4=

status-bar@2.0.x:
  version "2.0.3"
  resolved "https://registry.yarnpkg.com/status-bar/-/status-bar-2.0.3.tgz#0d2680222c457e12de37cebe1438dd49c4e06e14"
  integrity sha1-DSaAIixFfhLeN86+FDjdScTgbhQ=
  dependencies:
    progress-bar-formatter "^2.0.1"

tftp@^0.1.2:
  version "0.1.2"
  resolved "https://registry.yarnpkg.com/tftp/-/tftp-0.1.2.tgz#95674c0a7fcabb53755abef0bad3f9e54fe0b7b5"
  integrity sha1-lWdMCn/Ku1N1Wr7wutP55U/gt7U=
  dependencies:
    argp "1.0.x"
    status-bar "2.0.x"
